{
  "requires": true,
  "lockfileVersion": 1,
  "dependencies": {
    "@types/bson": {
      "version": "4.0.1",
      "resolved": "https://registry.npmjs.org/@types/bson/-/bson-4.0.1.tgz",
      "integrity": "sha512-K6VAEdLVJFBxKp8m5cRTbUfeZpuSvOuLKJLrgw9ANIXo00RiyGzgH4BKWWR4F520gV4tWmxG7q9sKQRVDuzrBw==",
      "requires": {
        "@types/node": "*"
      }
    },
    "@types/mongodb": {
      "version": "3.3.14",
      "resolved": "https://registry.npmjs.org/@types/mongodb/-/mongodb-3.3.14.tgz",
      "integrity": "sha512-Ie0Fjoifm/TPY2rNOgixzhNSjDgxgR0dMKQk9XqUXHnkfuw26SpbMXjwECfxSnEdG1bH6bIlpLIK7HvGHQhzqg==",
      "requires": {
        "@types/bson": "*",
        "@types/node": "*"
      }
    },
    "@types/mongoose": {
      "version": "5.5.39",
      "resolved": "https://registry.npmjs.org/@types/mongoose/-/mongoose-5.5.39.tgz",
      "integrity": "sha512-wP5wbN904G35SdPlLXcIk+4aErt1bWz6e+9E6NOo06nw+Hnvq/cuUhPd9/tt+iheNxk3IXFxlgWqnhBhgYYjYA==",
      "requires": {
        "@types/mongodb": "*",
        "@types/node": "*"
      }
    },
    "@types/node": {
      "version": "13.1.4",
      "resolved": "https://registry.npmjs.org/@types/node/-/node-13.1.4.tgz",
      "integrity": "sha512-Lue/mlp2egZJoHXZr4LndxDAd7i/7SQYhV0EjWfb/a4/OZ6tuVwMCVPiwkU5nsEipxEf7hmkSU7Em5VQ8P5NGA=="
    }
  }
}
